
Microsoft Visual Studio Solution File, Format Version 12.00
# Visual Studio Version 16
VisualStudioVersion = 16.0.30611.23
MinimumVisualStudioVersion = 10.0.40219.1
Project("{FAE04EC0-301F-11D3-BF4B-00C04F79EFBC}") = "Polecenie 1", "Polecenie 1\Polecenie 1.csproj", "{B1071E21-6D4F-4427-8174-D2582C92648A}"
EndProject
Global
	GlobalSection(SolutionConfigurationPlatforms) = preSolution
		Debug|Any CPU = Debug|Any CPU
		Release|Any CPU = Release|Any CPU
	EndGlobalSection
	GlobalSection(ProjectConfigurationPlatforms) = postSolution
		{B1071E21-6D4F-4427-8174-D2582C92648A}.Debug|Any CPU.ActiveCfg = Debug|Any CPU
		{B1071E21-6D4F-4427-8174-D2582C92648A}.Debug|Any CPU.Build.0 = Debug|Any CPU
		{B1071E21-6D4F-4427-8174-D2582C92648A}.Release|Any CPU.ActiveCfg = Release|Any CPU
		{B1071E21-6D4F-4427-8174-D2582C92648A}.Release|Any CPU.Build.0 = Release|Any CPU
	EndGlobalSection
	GlobalSection(SolutionProperties) = preSolution
		HideSolutionNode = FALSE
	EndGlobalSection
	GlobalSection(ExtensibilityGlobals) = postSolution
		SolutionGuid = {2CD5A958-1C59-4005-B1A7-428BD83721F6}
	EndGlobalSection
EndGlobal
