
Microsoft Visual Studio Solution File, Format Version 12.00
# Visual Studio Version 16
VisualStudioVersion = 16.0.30611.23
MinimumVisualStudioVersion = 10.0.40219.1
Project("{FAE04EC0-301F-11D3-BF4B-00C04F79EFBC}") = "Instrukcja 5 Zad 1, 2 i 10 (Sortowanie Bąbelkowe i Zliczanie)", "Instrukcja 5 Zad 1, 2 i 10 (Sortowanie Bąbelkowe i Zliczanie).csproj", "{6F163169-9824-40E7-B650-D23D7AFB0F27}"
EndProject
Global
	GlobalSection(SolutionConfigurationPlatforms) = preSolution
		Debug|Any CPU = Debug|Any CPU
		Release|Any CPU = Release|Any CPU
	EndGlobalSection
	GlobalSection(ProjectConfigurationPlatforms) = postSolution
		{6F163169-9824-40E7-B650-D23D7AFB0F27}.Debug|Any CPU.ActiveCfg = Debug|Any CPU
		{6F163169-9824-40E7-B650-D23D7AFB0F27}.Debug|Any CPU.Build.0 = Debug|Any CPU
		{6F163169-9824-40E7-B650-D23D7AFB0F27}.Release|Any CPU.ActiveCfg = Release|Any CPU
		{6F163169-9824-40E7-B650-D23D7AFB0F27}.Release|Any CPU.Build.0 = Release|Any CPU
	EndGlobalSection
	GlobalSection(SolutionProperties) = preSolution
		HideSolutionNode = FALSE
	EndGlobalSection
	GlobalSection(ExtensibilityGlobals) = postSolution
		SolutionGuid = {37B8C7FF-EE6E-4033-B556-A39F4CD04F8C}
	EndGlobalSection
EndGlobal
