
Microsoft Visual Studio Solution File, Format Version 12.00
# Visual Studio Version 16
VisualStudioVersion = 16.0.30611.23
MinimumVisualStudioVersion = 10.0.40219.1
Project("{FAE04EC0-301F-11D3-BF4B-00C04F79EFBC}") = "Instrukcja 7 zad 1,2,3,4", "Instrukcja 7 zad 1,2,3,4.csproj", "{3CB8831E-EAB5-4CE5-910F-D09305975352}"
EndProject
Global
	GlobalSection(SolutionConfigurationPlatforms) = preSolution
		Debug|Any CPU = Debug|Any CPU
		Release|Any CPU = Release|Any CPU
	EndGlobalSection
	GlobalSection(ProjectConfigurationPlatforms) = postSolution
		{3CB8831E-EAB5-4CE5-910F-D09305975352}.Debug|Any CPU.ActiveCfg = Debug|Any CPU
		{3CB8831E-EAB5-4CE5-910F-D09305975352}.Debug|Any CPU.Build.0 = Debug|Any CPU
		{3CB8831E-EAB5-4CE5-910F-D09305975352}.Release|Any CPU.ActiveCfg = Release|Any CPU
		{3CB8831E-EAB5-4CE5-910F-D09305975352}.Release|Any CPU.Build.0 = Release|Any CPU
	EndGlobalSection
	GlobalSection(SolutionProperties) = preSolution
		HideSolutionNode = FALSE
	EndGlobalSection
	GlobalSection(ExtensibilityGlobals) = postSolution
		SolutionGuid = {1EBF3401-830C-4D78-A57D-79FD6E334716}
	EndGlobalSection
EndGlobal
