
Microsoft Visual Studio Solution File, Format Version 12.00
# Visual Studio Version 16
VisualStudioVersion = 16.0.30611.23
MinimumVisualStudioVersion = 10.0.40219.1
Project("{FAE04EC0-301F-11D3-BF4B-00C04F79EFBC}") = "Polecenie 6", "Polecenie 6\Polecenie 6.csproj", "{3535411A-9C61-43AC-81E3-EE342FCE699E}"
EndProject
Global
	GlobalSection(SolutionConfigurationPlatforms) = preSolution
		Debug|Any CPU = Debug|Any CPU
		Release|Any CPU = Release|Any CPU
	EndGlobalSection
	GlobalSection(ProjectConfigurationPlatforms) = postSolution
		{3535411A-9C61-43AC-81E3-EE342FCE699E}.Debug|Any CPU.ActiveCfg = Debug|Any CPU
		{3535411A-9C61-43AC-81E3-EE342FCE699E}.Debug|Any CPU.Build.0 = Debug|Any CPU
		{3535411A-9C61-43AC-81E3-EE342FCE699E}.Release|Any CPU.ActiveCfg = Release|Any CPU
		{3535411A-9C61-43AC-81E3-EE342FCE699E}.Release|Any CPU.Build.0 = Release|Any CPU
	EndGlobalSection
	GlobalSection(SolutionProperties) = preSolution
		HideSolutionNode = FALSE
	EndGlobalSection
	GlobalSection(ExtensibilityGlobals) = postSolution
		SolutionGuid = {131F2288-EBED-4FDB-A0D7-E86D9ACB0446}
	EndGlobalSection
EndGlobal
