
Microsoft Visual Studio Solution File, Format Version 12.00
# Visual Studio Version 16
VisualStudioVersion = 16.0.30611.23
MinimumVisualStudioVersion = 10.0.40219.1
Project("{FAE04EC0-301F-11D3-BF4B-00C04F79EFBC}") = "Instrukcja 4 zad 3,4 (NWD=1,porównanie czasów)", "Instrukcja 4 zad 3,4 (NWD=1,porównanie czasów)\Instrukcja 4 zad 3,4 (NWD=1,porównanie czasów).csproj", "{469C1E24-0D49-4D85-9654-F4B1181035C1}"
EndProject
Global
	GlobalSection(SolutionConfigurationPlatforms) = preSolution
		Debug|Any CPU = Debug|Any CPU
		Release|Any CPU = Release|Any CPU
	EndGlobalSection
	GlobalSection(ProjectConfigurationPlatforms) = postSolution
		{469C1E24-0D49-4D85-9654-F4B1181035C1}.Debug|Any CPU.ActiveCfg = Debug|Any CPU
		{469C1E24-0D49-4D85-9654-F4B1181035C1}.Debug|Any CPU.Build.0 = Debug|Any CPU
		{469C1E24-0D49-4D85-9654-F4B1181035C1}.Release|Any CPU.ActiveCfg = Release|Any CPU
		{469C1E24-0D49-4D85-9654-F4B1181035C1}.Release|Any CPU.Build.0 = Release|Any CPU
	EndGlobalSection
	GlobalSection(SolutionProperties) = preSolution
		HideSolutionNode = FALSE
	EndGlobalSection
	GlobalSection(ExtensibilityGlobals) = postSolution
		SolutionGuid = {66C99CBF-A8CC-445B-9A42-89557A360B84}
	EndGlobalSection
EndGlobal
