
Microsoft Visual Studio Solution File, Format Version 12.00
# Visual Studio Version 16
VisualStudioVersion = 16.0.30611.23
MinimumVisualStudioVersion = 10.0.40219.1
Project("{FAE04EC0-301F-11D3-BF4B-00C04F79EFBC}") = "Instrukcja 4 zad 7,8 (liczby pierwsze)", "Instrukcja 4 zad 7,8 (liczby pierwsze)\Instrukcja 4 zad 7,8 (liczby pierwsze).csproj", "{C67E7DCB-EE5C-49B0-97A4-0096695BB98C}"
EndProject
Global
	GlobalSection(SolutionConfigurationPlatforms) = preSolution
		Debug|Any CPU = Debug|Any CPU
		Release|Any CPU = Release|Any CPU
	EndGlobalSection
	GlobalSection(ProjectConfigurationPlatforms) = postSolution
		{C67E7DCB-EE5C-49B0-97A4-0096695BB98C}.Debug|Any CPU.ActiveCfg = Debug|Any CPU
		{C67E7DCB-EE5C-49B0-97A4-0096695BB98C}.Debug|Any CPU.Build.0 = Debug|Any CPU
		{C67E7DCB-EE5C-49B0-97A4-0096695BB98C}.Release|Any CPU.ActiveCfg = Release|Any CPU
		{C67E7DCB-EE5C-49B0-97A4-0096695BB98C}.Release|Any CPU.Build.0 = Release|Any CPU
	EndGlobalSection
	GlobalSection(SolutionProperties) = preSolution
		HideSolutionNode = FALSE
	EndGlobalSection
	GlobalSection(ExtensibilityGlobals) = postSolution
		SolutionGuid = {00C38463-D7A5-401B-9698-F5EFAB159762}
	EndGlobalSection
EndGlobal
