
Microsoft Visual Studio Solution File, Format Version 12.00
# Visual Studio Version 16
VisualStudioVersion = 16.0.30611.23
MinimumVisualStudioVersion = 10.0.40219.1
Project("{FAE04EC0-301F-11D3-BF4B-00C04F79EFBC}") = "Instrukcja 8 zad 10,11", "Instrukcja 8 zad 10,11.csproj", "{98E59AF8-E239-4BB8-9E1A-144768709111}"
EndProject
Global
	GlobalSection(SolutionConfigurationPlatforms) = preSolution
		Debug|Any CPU = Debug|Any CPU
		Release|Any CPU = Release|Any CPU
	EndGlobalSection
	GlobalSection(ProjectConfigurationPlatforms) = postSolution
		{98E59AF8-E239-4BB8-9E1A-144768709111}.Debug|Any CPU.ActiveCfg = Debug|Any CPU
		{98E59AF8-E239-4BB8-9E1A-144768709111}.Debug|Any CPU.Build.0 = Debug|Any CPU
		{98E59AF8-E239-4BB8-9E1A-144768709111}.Release|Any CPU.ActiveCfg = Release|Any CPU
		{98E59AF8-E239-4BB8-9E1A-144768709111}.Release|Any CPU.Build.0 = Release|Any CPU
	EndGlobalSection
	GlobalSection(SolutionProperties) = preSolution
		HideSolutionNode = FALSE
	EndGlobalSection
	GlobalSection(ExtensibilityGlobals) = postSolution
		SolutionGuid = {45F5EABA-9F8C-4D88-B64B-7566B22EEB6D}
	EndGlobalSection
EndGlobal
