
Microsoft Visual Studio Solution File, Format Version 12.00
# Visual Studio Version 16
VisualStudioVersion = 16.0.30611.23
MinimumVisualStudioVersion = 10.0.40219.1
Project("{FAE04EC0-301F-11D3-BF4B-00C04F79EFBC}") = "Instrukcja 6 zad 17,18,19,20", "Instrukcja 6 zad 17,18,19,20.csproj", "{63B61DCE-5FD6-42B1-AC5A-62D6DACB1549}"
EndProject
Global
	GlobalSection(SolutionConfigurationPlatforms) = preSolution
		Debug|Any CPU = Debug|Any CPU
		Release|Any CPU = Release|Any CPU
	EndGlobalSection
	GlobalSection(ProjectConfigurationPlatforms) = postSolution
		{63B61DCE-5FD6-42B1-AC5A-62D6DACB1549}.Debug|Any CPU.ActiveCfg = Debug|Any CPU
		{63B61DCE-5FD6-42B1-AC5A-62D6DACB1549}.Debug|Any CPU.Build.0 = Debug|Any CPU
		{63B61DCE-5FD6-42B1-AC5A-62D6DACB1549}.Release|Any CPU.ActiveCfg = Release|Any CPU
		{63B61DCE-5FD6-42B1-AC5A-62D6DACB1549}.Release|Any CPU.Build.0 = Release|Any CPU
	EndGlobalSection
	GlobalSection(SolutionProperties) = preSolution
		HideSolutionNode = FALSE
	EndGlobalSection
	GlobalSection(ExtensibilityGlobals) = postSolution
		SolutionGuid = {D17ED2DC-A27D-4DE5-AD35-4F6AC0684A92}
	EndGlobalSection
EndGlobal
