
Microsoft Visual Studio Solution File, Format Version 12.00
# Visual Studio Version 16
VisualStudioVersion = 16.0.30611.23
MinimumVisualStudioVersion = 10.0.40219.1
Project("{FAE04EC0-301F-11D3-BF4B-00C04F79EFBC}") = "PROJEKT - Pp i Ob Walca oraz Sztożka", "PROJEKT - Pp i Ob Walca oraz Sztożka.csproj", "{3FEBF0A7-75F0-4983-881C-5304C6E9D15B}"
EndProject
Global
	GlobalSection(SolutionConfigurationPlatforms) = preSolution
		Debug|Any CPU = Debug|Any CPU
		Release|Any CPU = Release|Any CPU
	EndGlobalSection
	GlobalSection(ProjectConfigurationPlatforms) = postSolution
		{3FEBF0A7-75F0-4983-881C-5304C6E9D15B}.Debug|Any CPU.ActiveCfg = Debug|Any CPU
		{3FEBF0A7-75F0-4983-881C-5304C6E9D15B}.Debug|Any CPU.Build.0 = Debug|Any CPU
		{3FEBF0A7-75F0-4983-881C-5304C6E9D15B}.Release|Any CPU.ActiveCfg = Release|Any CPU
		{3FEBF0A7-75F0-4983-881C-5304C6E9D15B}.Release|Any CPU.Build.0 = Release|Any CPU
	EndGlobalSection
	GlobalSection(SolutionProperties) = preSolution
		HideSolutionNode = FALSE
	EndGlobalSection
	GlobalSection(ExtensibilityGlobals) = postSolution
		SolutionGuid = {48A5A1C7-4063-49DD-BB2B-79A88B0A8BF9}
	EndGlobalSection
EndGlobal
