
Microsoft Visual Studio Solution File, Format Version 12.00
# Visual Studio Version 16
VisualStudioVersion = 16.0.30611.23
MinimumVisualStudioVersion = 10.0.40219.1
Project("{FAE04EC0-301F-11D3-BF4B-00C04F79EFBC}") = "Instrukcja 9 zad 1,2", "Instrukcja 9 zad 1,2.csproj", "{5D2BBB0C-6252-44EF-B073-0768A9DB6A5A}"
EndProject
Global
	GlobalSection(SolutionConfigurationPlatforms) = preSolution
		Debug|Any CPU = Debug|Any CPU
		Release|Any CPU = Release|Any CPU
	EndGlobalSection
	GlobalSection(ProjectConfigurationPlatforms) = postSolution
		{5D2BBB0C-6252-44EF-B073-0768A9DB6A5A}.Debug|Any CPU.ActiveCfg = Debug|Any CPU
		{5D2BBB0C-6252-44EF-B073-0768A9DB6A5A}.Debug|Any CPU.Build.0 = Debug|Any CPU
		{5D2BBB0C-6252-44EF-B073-0768A9DB6A5A}.Release|Any CPU.ActiveCfg = Release|Any CPU
		{5D2BBB0C-6252-44EF-B073-0768A9DB6A5A}.Release|Any CPU.Build.0 = Release|Any CPU
	EndGlobalSection
	GlobalSection(SolutionProperties) = preSolution
		HideSolutionNode = FALSE
	EndGlobalSection
	GlobalSection(ExtensibilityGlobals) = postSolution
		SolutionGuid = {EF5FEB0C-3B74-475B-BC3C-11C97A87EF41}
	EndGlobalSection
EndGlobal
